// !$*UTF8*$!
{
	archiveVersion = 1;
	classes = {
	};
	objectVersion = 46;
	objects = {

/* Begin PBXBuildFile section */
		9809A57C1E56F1F10082AC10 /* EnumeratedSequence.swift in Sources */ = {isa = PBXBuildFile; fileRef = 9809A57B1E56F1F10082AC10 /* EnumeratedSequence.swift */; };
		9834A45D1E5BB69100DA7AB5 /* ComplexNumber.swift in Sources */ = {isa = PBXBuildFile; fileRef = 9834A45C1E5BB69100DA7AB5 /* ComplexNumber.swift */; };
		9834A45F1E5BB6C500DA7AB5 /* LazyPrefixWhile.swift in Sources */ = {isa = PBXBuildFile; fileRef = 9834A45E1E5BB6C500DA7AB5 /* LazyPrefixWhile.swift */; };
		9834A4611E5BB71200DA7AB5 /* prelude.swift in Sources */ = {isa = PBXBuildFile; fileRef = 9834A4601E5BB71200DA7AB5 /* prelude.swift */; };
		9834A4631E5BBA1000DA7AB5 /* util.swift in Sources */ = {isa = PBXBuildFile; fileRef = 9834A4621E5BBA1000DA7AB5 /* util.swift */; };
		983D8CAE1E5B871400D1D249 /* DropWhile.swift in Sources */ = {isa = PBXBuildFile; fileRef = 983D8CAD1E5B871400D1D249 /* DropWhile.swift */; };
		984030B51E564C52004711F4 /* PrefixSequence.swift in Sources */ = {isa = PBXBuildFile; fileRef = 984030B41E564C52004711F4 /* PrefixSequence.swift */; };
		989285DE1E55EF38008C015B /* Zip2Sequence.swift in Sources */ = {isa = PBXBuildFile; fileRef = 989285DD1E55EF38008C015B /* Zip2Sequence.swift */; };
		98A458AA1E56EAA10099C714 /* PrefixWhile.swift in Sources */ = {isa = PBXBuildFile; fileRef = 98A458A91E56EAA10099C714 /* PrefixWhile.swift */; };
		98AFA0631E606AEA00C9AE29 /* swiftyComposed.swift in Sources */ = {isa = PBXBuildFile; fileRef = 98AFA0621E606AEA00C9AE29 /* swiftyComposed.swift */; };
		98AFA0651E606B2400C9AE29 /* swiftyFused.swift in Sources */ = {isa = PBXBuildFile; fileRef = 98AFA0641E606B2400C9AE29 /* swiftyFused.swift */; };
		98B739E01E55EE8B00A26726 /* testInputs.swift in Sources */ = {isa = PBXBuildFile; fileRef = 98B739DF1E55EE8B00A26726 /* testInputs.swift */; };
		98E51AF31E56593F00EFAA61 /* DropFirstSequence.swift in Sources */ = {isa = PBXBuildFile; fileRef = 98E51AF21E56593F00EFAA61 /* DropFirstSequence.swift */; };
		98F2384A1E3F35FA00F006EB /* main.swift in Sources */ = {isa = PBXBuildFile; fileRef = 98F238491E3F35FA00F006EB /* main.swift */; };
		98FD2C4D1E5CC9C6007627DE /* functional.swift in Sources */ = {isa = PBXBuildFile; fileRef = 98FD2C4C1E5CC9C6007627DE /* functional.swift */; };
		98FD2C4F1E5CD098007627DE /* swiftyCustom.swift in Sources */ = {isa = PBXBuildFile; fileRef = 98FD2C4E1E5CD098007627DE /* swiftyCustom.swift */; };
/* End PBXBuildFile section */

/* Begin PBXCopyFilesBuildPhase section */
		98F238441E3F35FA00F006EB /* CopyFiles */ = {
			isa = PBXCopyFilesBuildPhase;
			buildActionMask = 2147483647;
			dstPath = /usr/share/man/man1/;
			dstSubfolderSpec = 0;
			files = (
			);
			runOnlyForDeploymentPostprocessing = 1;
		};
/* End PBXCopyFilesBuildPhase section */

/* Begin PBXFileReference section */
		9809A57B1E56F1F10082AC10 /* EnumeratedSequence.swift */ = {isa = PBXFileReference; fileEncoding = 4; lastKnownFileType = sourcecode.swift; path = EnumeratedSequence.swift; sourceTree = "<group>"; };
		9809A57D1E56F2770082AC10 /* Core Sequences Aliased.playground */ = {isa = PBXFileReference; lastKnownFileType = file.playground; path = "Core Sequences Aliased.playground"; sourceTree = "<group>"; };
		9809A57E1E56F2770082AC10 /* Core Sequences.playground */ = {isa = PBXFileReference; lastKnownFileType = file.playground; path = "Core Sequences.playground"; sourceTree = "<group>"; };
		9809A57F1E56F2770082AC10 /* Mandelbrot Hashell-like.playground */ = {isa = PBXFileReference; lastKnownFileType = file.playground; path = "Mandelbrot Hashell-like.playground"; sourceTree = "<group>"; };
		9809A5801E56F2770082AC10 /* Mandelbrot Swifty3.playground */ = {isa = PBXFileReference; lastKnownFileType = file.playground; path = "Mandelbrot Swifty3.playground"; sourceTree = "<group>"; };
		9834A45C1E5BB69100DA7AB5 /* ComplexNumber.swift */ = {isa = PBXFileReference; fileEncoding = 4; lastKnownFileType = sourcecode.swift; path = ComplexNumber.swift; sourceTree = "<group>"; };
		9834A45E1E5BB6C500DA7AB5 /* LazyPrefixWhile.swift */ = {isa = PBXFileReference; fileEncoding = 4; lastKnownFileType = sourcecode.swift; path = LazyPrefixWhile.swift; sourceTree = "<group>"; };
		9834A4601E5BB71200DA7AB5 /* prelude.swift */ = {isa = PBXFileReference; fileEncoding = 4; lastKnownFileType = sourcecode.swift; path = prelude.swift; sourceTree = "<group>"; };
		9834A4621E5BBA1000DA7AB5 /* util.swift */ = {isa = PBXFileReference; fileEncoding = 4; lastKnownFileType = sourcecode.swift; path = util.swift; sourceTree = "<group>"; };
		983D8CAD1E5B871400D1D249 /* DropWhile.swift */ = {isa = PBXFileReference; fileEncoding = 4; lastKnownFileType = sourcecode.swift; path = DropWhile.swift; sourceTree = "<group>"; };
		984030B41E564C52004711F4 /* PrefixSequence.swift */ = {isa = PBXFileReference; fileEncoding = 4; lastKnownFileType = sourcecode.swift; path = PrefixSequence.swift; sourceTree = "<group>"; };
		989285DD1E55EF38008C015B /* Zip2Sequence.swift */ = {isa = PBXFileReference; fileEncoding = 4; lastKnownFileType = sourcecode.swift; path = Zip2Sequence.swift; sourceTree = "<group>"; };
		98A458A91E56EAA10099C714 /* PrefixWhile.swift */ = {isa = PBXFileReference; fileEncoding = 4; lastKnownFileType = sourcecode.swift; path = PrefixWhile.swift; sourceTree = "<group>"; };
		98ACF0291E67547F005D4799 /* Core Sequences Closure.playground */ = {isa = PBXFileReference; lastKnownFileType = file.playground; path = "Core Sequences Closure.playground"; sourceTree = "<group>"; };
		98AFA0621E606AEA00C9AE29 /* swiftyComposed.swift */ = {isa = PBXFileReference; fileEncoding = 4; lastKnownFileType = sourcecode.swift; path = swiftyComposed.swift; sourceTree = "<group>"; };
		98AFA0641E606B2400C9AE29 /* swiftyFused.swift */ = {isa = PBXFileReference; fileEncoding = 4; lastKnownFileType = sourcecode.swift; path = swiftyFused.swift; sourceTree = "<group>"; };
		98B739DF1E55EE8B00A26726 /* testInputs.swift */ = {isa = PBXFileReference; fileEncoding = 4; lastKnownFileType = sourcecode.swift; path = testInputs.swift; sourceTree = "<group>"; };
		98BD42821E7FFECF0019DD91 /* Benchmark.playground */ = {isa = PBXFileReference; lastKnownFileType = file.playground; path = Benchmark.playground; sourceTree = "<group>"; };
		98E51AF21E56593F00EFAA61 /* DropFirstSequence.swift */ = {isa = PBXFileReference; fileEncoding = 4; lastKnownFileType = sourcecode.swift; path = DropFirstSequence.swift; sourceTree = "<group>"; };
		98E8D7391E792F71003275FE /* Sequence Composed.playground */ = {isa = PBXFileReference; lastKnownFileType = file.playground; path = "Sequence Composed.playground"; sourceTree = "<group>"; };
		98F238461E3F35FA00F006EB /* MandelbrotSwifty */ = {isa = PBXFileReference; explicitFileType = "compiled.mach-o.executable"; includeInIndex = 0; path = MandelbrotSwifty; sourceTree = BUILT_PRODUCTS_DIR; };
		98F238491E3F35FA00F006EB /* main.swift */ = {isa = PBXFileReference; lastKnownFileType = sourcecode.swift; path = main.swift; sourceTree = "<group>"; };
		98FB484C1E69639D00DE780B /* Sequence Algebra.playground */ = {isa = PBXFileReference; lastKnownFileType = file.playground; path = "Sequence Algebra.playground"; sourceTree = "<group>"; };
		98FD2C4C1E5CC9C6007627DE /* functional.swift */ = {isa = PBXFileReference; fileEncoding = 4; lastKnownFileType = sourcecode.swift; path = functional.swift; sourceTree = "<group>"; };
		98FD2C4E1E5CD098007627DE /* swiftyCustom.swift */ = {isa = PBXFileReference; fileEncoding = 4; lastKnownFileType = sourcecode.swift; path = swiftyCustom.swift; sourceTree = "<group>"; };
/* End PBXFileReference section */

/* Begin PBXFrameworksBuildPhase section */
		98F238431E3F35FA00F006EB /* Frameworks */ = {
			isa = PBXFrameworksBuildPhase;
			buildActionMask = 2147483647;
			files = (
			);
			runOnlyForDeploymentPostprocessing = 0;
		};
/* End PBXFrameworksBuildPhase section */

/* Begin PBXGroup section */
		98F2383D1E3F35FA00F006EB = {
			isa = PBXGroup;
			children = (
				98BD42821E7FFECF0019DD91 /* Benchmark.playground */,
				98E8D7391E792F71003275FE /* Sequence Composed.playground */,
				98FB484C1E69639D00DE780B /* Sequence Algebra.playground */,
				98ACF0291E67547F005D4799 /* Core Sequences Closure.playground */,
				9809A57D1E56F2770082AC10 /* Core Sequences Aliased.playground */,
				9809A57E1E56F2770082AC10 /* Core Sequences.playground */,
				9809A57F1E56F2770082AC10 /* Mandelbrot Hashell-like.playground */,
				9809A5801E56F2770082AC10 /* Mandelbrot Swifty3.playground */,
				98F238481E3F35FA00F006EB /* MandelbrotSwifty */,
				98F238471E3F35FA00F006EB /* Products */,
			);
			sourceTree = "<group>";
		};
		98F238471E3F35FA00F006EB /* Products */ = {
			isa = PBXGroup;
			children = (
				98F238461E3F35FA00F006EB /* MandelbrotSwifty */,
			);
			name = Products;
			sourceTree = "<group>";
		};
		98F238481E3F35FA00F006EB /* MandelbrotSwifty */ = {
			isa = PBXGroup;
			children = (
				98F238491E3F35FA00F006EB /* main.swift */,
				98FD2C4C1E5CC9C6007627DE /* functional.swift */,
				98FD2C4E1E5CD098007627DE /* swiftyCustom.swift */,
				98AFA0621E606AEA00C9AE29 /* swiftyComposed.swift */,
				98AFA0641E606B2400C9AE29 /* swiftyFused.swift */,
				9834A4601E5BB71200DA7AB5 /* prelude.swift */,
				9834A4621E5BBA1000DA7AB5 /* util.swift */,
				98B739DF1E55EE8B00A26726 /* testInputs.swift */,
				98E51AF21E56593F00EFAA61 /* DropFirstSequence.swift */,
				983D8CAD1E5B871400D1D249 /* DropWhile.swift */,
				9809A57B1E56F1F10082AC10 /* EnumeratedSequence.swift */,
				984030B41E564C52004711F4 /* PrefixSequence.swift */,
				98A458A91E56EAA10099C714 /* PrefixWhile.swift */,
				989285DD1E55EF38008C015B /* Zip2Sequence.swift */,
				9834A45C1E5BB69100DA7AB5 /* ComplexNumber.swift */,
				9834A45E1E5BB6C500DA7AB5 /* LazyPrefixWhile.swift */,
			);
			path = MandelbrotSwifty;
			sourceTree = "<group>";
		};
/* End PBXGroup section */

/* Begin PBXNativeTarget section */
		98F238451E3F35FA00F006EB /* MandelbrotSwifty */ = {
			isa = PBXNativeTarget;
			buildConfigurationList = 98F2384D1E3F35FA00F006EB /* Build configuration list for PBXNativeTarget "MandelbrotSwifty" */;
			buildPhases = (
				98F238421E3F35FA00F006EB /* Sources */,
				98F238431E3F35FA00F006EB /* Frameworks */,
				98F238441E3F35FA00F006EB /* CopyFiles */,
			);
			buildRules = (
			);
			dependencies = (
			);
			name = MandelbrotSwifty;
			productName = MandelbrotSwifty;
			productReference = 98F238461E3F35FA00F006EB /* MandelbrotSwifty */;
			productType = "com.apple.product-type.tool";
		};
/* End PBXNativeTarget section */

/* Begin PBXProject section */
		98F2383E1E3F35FA00F006EB /* Project object */ = {
			isa = PBXProject;
			attributes = {
				LastSwiftUpdateCheck = 0820;
				LastUpgradeCheck = 0820;
				ORGANIZATIONNAME = "Pavol Vaskovic";
				TargetAttributes = {
					98F238451E3F35FA00F006EB = {
						CreatedOnToolsVersion = 8.2.1;
						ProvisioningStyle = Automatic;
					};
				};
			};
			buildConfigurationList = 98F238411E3F35FA00F006EB /* Build configuration list for PBXProject "MandelbrotSwifty" */;
			compatibilityVersion = "Xcode 3.2";
			developmentRegion = English;
			hasScannedForEncodings = 0;
			knownRegions = (
				en,
			);
			mainGroup = 98F2383D1E3F35FA00F006EB;
			productRefGroup = 98F238471E3F35FA00F006EB /* Products */;
			projectDirPath = "";
			projectRoot = "";
			targets = (
				98F238451E3F35FA00F006EB /* MandelbrotSwifty */,
			);
		};
/* End PBXProject section */

/* Begin PBXSourcesBuildPhase section */
		98F238421E3F35FA00F006EB /* Sources */ = {
			isa = PBXSourcesBuildPhase;
			buildActionMask = 2147483647;
			files = (
				983D8CAE1E5B871400D1D249 /* DropWhile.swift in Sources */,
				9834A4611E5BB71200DA7AB5 /* prelude.swift in Sources */,
				9834A45D1E5BB69100DA7AB5 /* ComplexNumber.swift in Sources */,
				98FD2C4F1E5CD098007627DE /* swiftyCustom.swift in Sources */,
				9834A4631E5BBA1000DA7AB5 /* util.swift in Sources */,
				98FD2C4D1E5CC9C6007627DE /* functional.swift in Sources */,
				98E51AF31E56593F00EFAA61 /* DropFirstSequence.swift in Sources */,
				98AFA0631E606AEA00C9AE29 /* swiftyComposed.swift in Sources */,
				98A458AA1E56EAA10099C714 /* PrefixWhile.swift in Sources */,
				98AFA0651E606B2400C9AE29 /* swiftyFused.swift in Sources */,
				98F2384A1E3F35FA00F006EB /* main.swift in Sources */,
				98B739E01E55EE8B00A26726 /* testInputs.swift in Sources */,
				989285DE1E55EF38008C015B /* Zip2Sequence.swift in Sources */,
				9809A57C1E56F1F10082AC10 /* EnumeratedSequence.swift in Sources */,
				984030B51E564C52004711F4 /* PrefixSequence.swift in Sources */,
				9834A45F1E5BB6C500DA7AB5 /* LazyPrefixWhile.swift in Sources */,
			);
			runOnlyForDeploymentPostprocessing = 0;
		};
/* End PBXSourcesBuildPhase section */

/* Begin XCBuildConfiguration section */
		98F2384B1E3F35FA00F006EB /* Debug */ = {
			isa = XCBuildConfiguration;
			buildSettings = {
				ALWAYS_SEARCH_USER_PATHS = NO;
				CLANG_ANALYZER_NONNULL = YES;
				CLANG_CXX_LANGUAGE_STANDARD = "gnu++0x";
				CLANG_CXX_LIBRARY = "libc++";
				CLANG_ENABLE_MODULES = YES;
				CLANG_ENABLE_OBJC_ARC = YES;
				CLANG_WARN_BOOL_CONVERSION = YES;
				CLANG_WARN_CONSTANT_CONVERSION = YES;
				CLANG_WARN_DIRECT_OBJC_ISA_USAGE = YES_ERROR;
				CLANG_WARN_DOCUMENTATION_COMMENTS = YES;
				CLANG_WARN_EMPTY_BODY = YES;
				CLANG_WARN_ENUM_CONVERSION = YES;
				CLANG_WARN_INFINITE_RECURSION = YES;
				CLANG_WARN_INT_CONVERSION = YES;
				CLANG_WARN_OBJC_ROOT_CLASS = YES_ERROR;
				CLANG_WARN_SUSPICIOUS_MOVE = YES;
				CLANG_WARN_UNREACHABLE_CODE = YES;
				CLANG_WARN__DUPLICATE_METHOD_MATCH = YES;
				CODE_SIGN_IDENTITY = "-";
				COPY_PHASE_STRIP = NO;
				DEBUG_INFORMATION_FORMAT = dwarf;
				ENABLE_STRICT_OBJC_MSGSEND = YES;
				ENABLE_TESTABILITY = YES;
				GCC_C_LANGUAGE_STANDARD = gnu99;
				GCC_DYNAMIC_NO_PIC = NO;
				GCC_NO_COMMON_BLOCKS = YES;
				GCC_OPTIMIZATION_LEVEL = 0;
				GCC_PREPROCESSOR_DEFINITIONS = (
					"DEBUG=1",
					"$(inherited)",
				);
				GCC_WARN_64_TO_32_BIT_CONVERSION = YES;
				GCC_WARN_ABOUT_RETURN_TYPE = YES_ERROR;
				GCC_WARN_UNDECLARED_SELECTOR = YES;
				GCC_WARN_UNINITIALIZED_AUTOS = YES_AGGRESSIVE;
				GCC_WARN_UNUSED_FUNCTION = YES;
				GCC_WARN_UNUSED_VARIABLE = YES;
				MACOSX_DEPLOYMENT_TARGET = 10.11;
				MTL_ENABLE_DEBUG_INFO = YES;
				ONLY_ACTIVE_ARCH = YES;
				SDKROOT = macosx;
				SWIFT_OPTIMIZATION_LEVEL = "-Onone";
			};
			name = Debug;
		};
		98F2384C1E3F35FA00F006EB /* Release */ = {
			isa = XCBuildConfiguration;
			buildSettings = {
				ALWAYS_SEARCH_USER_PATHS = NO;
				CLANG_ANALYZER_NONNULL = YES;
				CLANG_CXX_LANGUAGE_STANDARD = "gnu++0x";
				CLANG_CXX_LIBRARY = "libc++";
				CLANG_ENABLE_MODULES = YES;
				CLANG_ENABLE_OBJC_ARC = YES;
				CLANG_WARN_BOOL_CONVERSION = YES;
				CLANG_WARN_CONSTANT_CONVERSION = YES;
				CLANG_WARN_DIRECT_OBJC_ISA_USAGE = YES_ERROR;
				CLANG_WARN_DOCUMENTATION_COMMENTS = YES;
				CLANG_WARN_EMPTY_BODY = YES;
				CLANG_WARN_ENUM_CONVERSION = YES;
				CLANG_WARN_INFINITE_RECURSION = YES;
				CLANG_WARN_INT_CONVERSION = YES;
				CLANG_WARN_OBJC_ROOT_CLASS = YES_ERROR;
				CLANG_WARN_SUSPICIOUS_MOVE = YES;
				CLANG_WARN_UNREACHABLE_CODE = YES;
				CLANG_WARN__DUPLICATE_METHOD_MATCH = YES;
				CODE_SIGN_IDENTITY = "-";
				COPY_PHASE_STRIP = NO;
				DEBUG_INFORMATION_FORMAT = "dwarf-with-dsym";
				ENABLE_NS_ASSERTIONS = NO;
				ENABLE_STRICT_OBJC_MSGSEND = YES;
				GCC_C_LANGUAGE_STANDARD = gnu99;
				GCC_NO_COMMON_BLOCKS = YES;
				GCC_OPTIMIZATION_LEVEL = fast;
				GCC_WARN_64_TO_32_BIT_CONVERSION = YES;
				GCC_WARN_ABOUT_RETURN_TYPE = YES_ERROR;
				GCC_WARN_UNDECLARED_SELECTOR = YES;
				GCC_WARN_UNINITIALIZED_AUTOS = YES_AGGRESSIVE;
				GCC_WARN_UNUSED_FUNCTION = YES;
				GCC_WARN_UNUSED_VARIABLE = YES;
				MACOSX_DEPLOYMENT_TARGET = 10.11;
				MTL_ENABLE_DEBUG_INFO = NO;
				SDKROOT = macosx;
				SWIFT_OPTIMIZATION_LEVEL = "-Owholemodule";
			};
			name = Release;
		};
		98F2384E1E3F35FA00F006EB /* Debug */ = {
			isa = XCBuildConfiguration;
			buildSettings = {
				PRODUCT_NAME = "$(TARGET_NAME)";
				SWIFT_VERSION = 3.0;
			};
			name = Debug;
		};
		98F2384F1E3F35FA00F006EB /* Release */ = {
			isa = XCBuildConfiguration;
			buildSettings = {
				PRODUCT_NAME = "$(TARGET_NAME)";
				SWIFT_VERSION = 3.0;
			};
			name = Release;
		};
/* End XCBuildConfiguration section */

/* Begin XCConfigurationList section */
		98F238411E3F35FA00F006EB /* Build configuration list for PBXProject "MandelbrotSwifty" */ = {
			isa = XCConfigurationList;
			buildConfigurations = (
				98F2384B1E3F35FA00F006EB /* Debug */,
				98F2384C1E3F35FA00F006EB /* Release */,
			);
			defaultConfigurationIsVisible = 0;
			defaultConfigurationName = Release;
		};
		98F2384D1E3F35FA00F006EB /* Build configuration list for PBXNativeTarget "MandelbrotSwifty" */ = {
			isa = XCConfigurationList;
			buildConfigurations = (
				98F2384E1E3F35FA00F006EB /* Debug */,
				98F2384F1E3F35FA00F006EB /* Release */,
			);
			defaultConfigurationIsVisible = 0;
			defaultConfigurationName = Release;
		};
/* End XCConfigurationList section */
	};
	rootObject = 98F2383E1E3F35FA00F006EB /* Project object */;
}
